
Microsoft Visual Studio Solution File, Format Version 12.00
# Visual Studio Version 17
VisualStudioVersion = 17.11.35327.3
MinimumVisualStudioVersion = 10.0.40219.1
Project("{FAE04EC0-301F-11D3-BF4B-00C04F79EFBC}") = "MtsFrontEnd", "MtsFrontEnd.csproj", "{F87FDCC1-AD4F-41CA-B4A5-EBD8EC8B2E75}"
EndProject
Global
	GlobalSection(SolutionConfigurationPlatforms) = preSolution
		Debug|Any CPU = Debug|Any CPU
		Release|Any CPU = Release|Any CPU
	EndGlobalSection
	GlobalSection(ProjectConfigurationPlatforms) = postSolution
		{F87FDCC1-AD4F-41CA-B4A5-EBD8EC8B2E75}.Debug|Any CPU.ActiveCfg = Debug|Any CPU
		{F87FDCC1-AD4F-41CA-B4A5-EBD8EC8B2E75}.Debug|Any CPU.Build.0 = Debug|Any CPU
		{F87FDCC1-AD4F-41CA-B4A5-EBD8EC8B2E75}.Release|Any CPU.ActiveCfg = Release|Any CPU
		{F87FDCC1-AD4F-41CA-B4A5-EBD8EC8B2E75}.Release|Any CPU.Build.0 = Release|Any CPU
	EndGlobalSection
	GlobalSection(SolutionProperties) = preSolution
		HideSolutionNode = FALSE
	EndGlobalSection
	GlobalSection(ExtensibilityGlobals) = postSolution
		SolutionGuid = {C06E8B44-D4F4-4CFF-B3A7-AD7FA93B2C6A}
	EndGlobalSection
EndGlobal
