
Microsoft Visual Studio Solution File, Format Version 12.00
# Visual Studio Version 17
VisualStudioVersion = 17.11.35327.3
MinimumVisualStudioVersion = 10.0.40219.1
Project("{FAE04EC0-301F-11D3-BF4B-00C04F79EFBC}") = "MaterialTransferSimulator", "MaterialTransferSimulator\MaterialTransferSimulator.csproj", "{81C6DC63-4108-4DEB-8785-015D2670B63C}"
EndProject
Global
	GlobalSection(SolutionConfigurationPlatforms) = preSolution
		Debug|Any CPU = Debug|Any CPU
		Release|Any CPU = Release|Any CPU
	EndGlobalSection
	GlobalSection(ProjectConfigurationPlatforms) = postSolution
		{81C6DC63-4108-4DEB-8785-015D2670B63C}.Debug|Any CPU.ActiveCfg = Debug|Any CPU
		{81C6DC63-4108-4DEB-8785-015D2670B63C}.Debug|Any CPU.Build.0 = Debug|Any CPU
		{81C6DC63-4108-4DEB-8785-015D2670B63C}.Release|Any CPU.ActiveCfg = Release|Any CPU
		{81C6DC63-4108-4DEB-8785-015D2670B63C}.Release|Any CPU.Build.0 = Release|Any CPU
	EndGlobalSection
	GlobalSection(SolutionProperties) = preSolution
		HideSolutionNode = FALSE
	EndGlobalSection
	GlobalSection(ExtensibilityGlobals) = postSolution
		SolutionGuid = {E91BBA7C-7E76-4E4E-9FE5-30A5A3539E69}
	EndGlobalSection
EndGlobal
